github.com/AkvicorEdwards/util v1.6.0 h1:OMNL5gHPVlW4MGtYnKH/18fzVPavjSpQ8ZEpjFucz5M=
github.com/AkvicorEdwards/util v1.6.0/go.mod h1:VeXHTuSiR099K+O2+Bw8QFEpk7vQGs3TiVvf22oKKGg=
github.com/go-echarts/go-echarts/v2 v2.3.2 h1:imRxqF5sLtEPBsv5HGwz9KklNuwCo0fTITZ31mrgfzo=
github.com/go-echarts/go-echarts/v2 v2.3.2/go.mod h1:56YlvzhW/a+du15f3S2qUGNDfKnFOeJSThBIrVFHDtI=
